Microsoft Visual Studio Solution File, Format Version 12.00
# Visual Studio Version 17
VisualStudioVersion = 17.5.2.0
MinimumVisualStudioVersion = 10.0.40219.1
Project("{FAE04EC0-301F-11D3-BF4B-00C04F79EFBC}") = "ApiExistenciasSimuladas", "ApiExistenciasSimuladas.csproj", "{79CE4FB8-4D11-90F7-70A2-7FDB314ACF1C}"
EndProject
Global
	GlobalSection(SolutionConfigurationPlatforms) = preSolution
		Debug|Any CPU = Debug|Any CPU
		Release|Any CPU = Release|Any CPU
	EndGlobalSection
	GlobalSection(ProjectConfigurationPlatforms) = postSolution
		{79CE4FB8-4D11-90F7-70A2-7FDB314ACF1C}.Debug|Any CPU.ActiveCfg = Debug|Any CPU
		{79CE4FB8-4D11-90F7-70A2-7FDB314ACF1C}.Debug|Any CPU.Build.0 = Debug|Any CPU
		{79CE4FB8-4D11-90F7-70A2-7FDB314ACF1C}.Release|Any CPU.ActiveCfg = Release|Any CPU
		{79CE4FB8-4D11-90F7-70A2-7FDB314ACF1C}.Release|Any CPU.Build.0 = Release|Any CPU
	EndGlobalSection
	GlobalSection(SolutionProperties) = preSolution
		HideSolutionNode = FALSE
	EndGlobalSection
	GlobalSection(ExtensibilityGlobals) = postSolution
		SolutionGuid = {26FA6B9F-6991-4EC9-A2A7-7FD607018DEE}
	EndGlobalSection
EndGlobal
